
Microsoft Visual Studio Solution File, Format Version 12.00
# Visual Studio 15
VisualStudioVersion = 15.0.28010.2050
MinimumVisualStudioVersion = 10.0.40219.1
Project("{8BC9CEB8-8B4A-11D0-8D11-00A0C91BC942}") = "lab1_c", "lab1_c\lab1_c\lab1_c.vcxproj", "{4A8CA9D2-43C2-499D-BF4A-C6222511D413}"
EndProject
Project("{8BC9CEB8-8B4A-11D0-8D11-00A0C91BC942}") = "lab1_a_dll", "lab1_a_dll\Dll1.vcxproj", "{23FAD929-9226-4FF9-A9F7-F34F9BC2198D}"
EndProject
Project("{FAE04EC0-301F-11D3-BF4B-00C04F79EFBC}") = "lab1_a_GUI", "lab1_a_GUI\lab1_a_GUI.csproj", "{4E0F6E60-9D14-43E6-A6AE-1299721CC647}"
EndProject
Project("{8BC9CEB8-8B4A-11D0-8D11-00A0C91BC942}") = "lab1_b", "lab1_b\test.vcxproj", "{9E7ED730-BCAE-4428-ACF6-47DB71306262}"
EndProject
Global
	GlobalSection(SolutionConfigurationPlatforms) = preSolution
		Debug|Any CPU = Debug|Any CPU
		Debug|x64 = Debug|x64
		Debug|x86 = Debug|x86
		Release|Any CPU = Release|Any CPU
		Release|x64 = Release|x64
		Release|x86 = Release|x86
	EndGlobalSection
	GlobalSection(ProjectConfigurationPlatforms) = postSolution
		{4A8CA9D2-43C2-499D-BF4A-C6222511D413}.Debug|Any CPU.ActiveCfg = Debug|Win32
		{4A8CA9D2-43C2-499D-BF4A-C6222511D413}.Debug|Any CPU.Build.0 = Debug|Win32
		{4A8CA9D2-43C2-499D-BF4A-C6222511D413}.Debug|x64.ActiveCfg = Debug|x64
		{4A8CA9D2-43C2-499D-BF4A-C6222511D413}.Debug|x64.Build.0 = Debug|x64
		{4A8CA9D2-43C2-499D-BF4A-C6222511D413}.Debug|x86.ActiveCfg = Debug|Win32
		{4A8CA9D2-43C2-499D-BF4A-C6222511D413}.Debug|x86.Build.0 = Debug|Win32
		{4A8CA9D2-43C2-499D-BF4A-C6222511D413}.Release|Any CPU.ActiveCfg = Release|Win32
		{4A8CA9D2-43C2-499D-BF4A-C6222511D413}.Release|x64.ActiveCfg = Release|x64
		{4A8CA9D2-43C2-499D-BF4A-C6222511D413}.Release|x64.Build.0 = Release|x64
		{4A8CA9D2-43C2-499D-BF4A-C6222511D413}.Release|x86.ActiveCfg = Release|Win32
		{4A8CA9D2-43C2-499D-BF4A-C6222511D413}.Release|x86.Build.0 = Release|Win32
		{23FAD929-9226-4FF9-A9F7-F34F9BC2198D}.Debug|Any CPU.ActiveCfg = Debug|Win32
		{23FAD929-9226-4FF9-A9F7-F34F9BC2198D}.Debug|Any CPU.Build.0 = Debug|Win32
		{23FAD929-9226-4FF9-A9F7-F34F9BC2198D}.Debug|x64.ActiveCfg = Debug|x64
		{23FAD929-9226-4FF9-A9F7-F34F9BC2198D}.Debug|x64.Build.0 = Debug|x64
		{23FAD929-9226-4FF9-A9F7-F34F9BC2198D}.Debug|x86.ActiveCfg = Debug|Win32
		{23FAD929-9226-4FF9-A9F7-F34F9BC2198D}.Debug|x86.Build.0 = Debug|Win32
		{23FAD929-9226-4FF9-A9F7-F34F9BC2198D}.Release|Any CPU.ActiveCfg = Release|Win32
		{23FAD929-9226-4FF9-A9F7-F34F9BC2198D}.Release|x64.ActiveCfg = Release|x64
		{23FAD929-9226-4FF9-A9F7-F34F9BC2198D}.Release|x64.Build.0 = Release|x64
		{23FAD929-9226-4FF9-A9F7-F34F9BC2198D}.Release|x86.ActiveCfg = Release|Win32
		{23FAD929-9226-4FF9-A9F7-F34F9BC2198D}.Release|x86.Build.0 = Release|Win32
		{4E0F6E60-9D14-43E6-A6AE-1299721CC647}.Debug|Any CPU.ActiveCfg = Debug|Any CPU
		{4E0F6E60-9D14-43E6-A6AE-1299721CC647}.Debug|Any CPU.Build.0 = Debug|Any CPU
		{4E0F6E60-9D14-43E6-A6AE-1299721CC647}.Debug|x64.ActiveCfg = Debug|Any CPU
		{4E0F6E60-9D14-43E6-A6AE-1299721CC647}.Debug|x64.Build.0 = Debug|Any CPU
		{4E0F6E60-9D14-43E6-A6AE-1299721CC647}.Debug|x86.ActiveCfg = Debug|Any CPU
		{4E0F6E60-9D14-43E6-A6AE-1299721CC647}.Debug|x86.Build.0 = Debug|Any CPU
		{4E0F6E60-9D14-43E6-A6AE-1299721CC647}.Release|Any CPU.ActiveCfg = Release|Any CPU
		{4E0F6E60-9D14-43E6-A6AE-1299721CC647}.Release|Any CPU.Build.0 = Release|Any CPU
		{4E0F6E60-9D14-43E6-A6AE-1299721CC647}.Release|x64.ActiveCfg = Release|Any CPU
		{4E0F6E60-9D14-43E6-A6AE-1299721CC647}.Release|x64.Build.0 = Release|Any CPU
		{4E0F6E60-9D14-43E6-A6AE-1299721CC647}.Release|x86.ActiveCfg = Release|Any CPU
		{4E0F6E60-9D14-43E6-A6AE-1299721CC647}.Release|x86.Build.0 = Release|Any CPU
		{9E7ED730-BCAE-4428-ACF6-47DB71306262}.Debug|Any CPU.ActiveCfg = Debug|Win32
		{9E7ED730-BCAE-4428-ACF6-47DB71306262}.Debug|Any CPU.Build.0 = Debug|Win32
		{9E7ED730-BCAE-4428-ACF6-47DB71306262}.Debug|x64.ActiveCfg = Debug|x64
		{9E7ED730-BCAE-4428-ACF6-47DB71306262}.Debug|x64.Build.0 = Debug|x64
		{9E7ED730-BCAE-4428-ACF6-47DB71306262}.Debug|x86.ActiveCfg = Debug|Win32
		{9E7ED730-BCAE-4428-ACF6-47DB71306262}.Debug|x86.Build.0 = Debug|Win32
		{9E7ED730-BCAE-4428-ACF6-47DB71306262}.Release|Any CPU.ActiveCfg = Release|Win32
		{9E7ED730-BCAE-4428-ACF6-47DB71306262}.Release|x64.ActiveCfg = Release|x64
		{9E7ED730-BCAE-4428-ACF6-47DB71306262}.Release|x64.Build.0 = Release|x64
		{9E7ED730-BCAE-4428-ACF6-47DB71306262}.Release|x86.ActiveCfg = Release|Win32
		{9E7ED730-BCAE-4428-ACF6-47DB71306262}.Release|x86.Build.0 = Release|Win32
	EndGlobalSection
	GlobalSection(SolutionProperties) = preSolution
		HideSolutionNode = FALSE
	EndGlobalSection
	GlobalSection(ExtensibilityGlobals) = postSolution
		SolutionGuid = {0E019E05-6C8F-4275-A873-3B0DEF0BC7CF}
	EndGlobalSection
EndGlobal
